
Microsoft Visual Studio Solution File, Format Version 12.00
# Visual Studio Version 17
VisualStudioVersion = 17.14.36221.1
MinimumVisualStudioVersion = 10.0.40219.1
Project("{FAE04EC0-301F-11D3-BF4B-00C04F79EFBC}") = "TgApiService", "TgApiService\TgApiService.csproj", "{DF2FF80B-CDC4-4169-930A-7FFBA653A53A}"
EndProject
Project("{FAE04EC0-301F-11D3-BF4B-00C04F79EFBC}") = "SpendingTrackerService", "SpendingTrackerService\SpendingTrackerService.csproj", "{4F5CFCF5-022B-4F3E-A2D3-1A830979E432}"
EndProject
Global
	GlobalSection(SolutionConfigurationPlatforms) = preSolution
		Debug|Any CPU = Debug|Any CPU
		Release|Any CPU = Release|Any CPU
	EndGlobalSection
	GlobalSection(ProjectConfigurationPlatforms) = postSolution
		{DF2FF80B-CDC4-4169-930A-7FFBA653A53A}.Debug|Any CPU.ActiveCfg = Debug|Any CPU
		{DF2FF80B-CDC4-4169-930A-7FFBA653A53A}.Debug|Any CPU.Build.0 = Debug|Any CPU
		{DF2FF80B-CDC4-4169-930A-7FFBA653A53A}.Release|Any CPU.ActiveCfg = Release|Any CPU
		{DF2FF80B-CDC4-4169-930A-7FFBA653A53A}.Release|Any CPU.Build.0 = Release|Any CPU
		{4F5CFCF5-022B-4F3E-A2D3-1A830979E432}.Debug|Any CPU.ActiveCfg = Debug|Any CPU
		{4F5CFCF5-022B-4F3E-A2D3-1A830979E432}.Debug|Any CPU.Build.0 = Debug|Any CPU
		{4F5CFCF5-022B-4F3E-A2D3-1A830979E432}.Release|Any CPU.ActiveCfg = Release|Any CPU
		{4F5CFCF5-022B-4F3E-A2D3-1A830979E432}.Release|Any CPU.Build.0 = Release|Any CPU
	EndGlobalSection
	GlobalSection(SolutionProperties) = preSolution
		HideSolutionNode = FALSE
	EndGlobalSection
	GlobalSection(ExtensibilityGlobals) = postSolution
		SolutionGuid = {F713E504-4FE7-403E-ADDE-90D3180CAA45}
	EndGlobalSection
EndGlobal
